dependencies:
  espressif/qrcode:
    component_hash: e07c05f9129250d79c62957c02e2f67d3485e917e6953cbc6637324b3a47ea7f
    source:
      service_url: https://api.components.espressif.com/
      type: service
    version: 0.1.0
  idf:
    component_hash: null
    source:
      type: idf
    version: 5.1.0
manifest_hash: 7b8bcbb4f151554eead415243a26ad5e692f24914bfc43cf8d7efd43d2d5e0d8
target: esp32
version: 1.0.0
